
Microsoft Visual Studio Solution File, Format Version 12.00
# Visual Studio 15
VisualStudioVersion = 15.0.33403.129
MinimumVisualStudioVersion = 10.0.40219.1
Project("{FAE04EC0-301F-11D3-BF4B-00C04F79EFBC}") = "ConsoleApp1", "ConsoleApp1\ConsoleApp1.csproj", "{EEAB4074-9C04-4C6A-AA81-F378533E3FA6}"
EndProject
Global
	GlobalSection(SolutionConfigurationPlatforms) = preSolution
		Debug|Any CPU = Debug|Any CPU
		Release|Any CPU = Release|Any CPU
	EndGlobalSection
	GlobalSection(ProjectConfigurationPlatforms) = postSolution
		{EEAB4074-9C04-4C6A-AA81-F378533E3FA6}.Debug|Any CPU.ActiveCfg = Debug|Any CPU
		{EEAB4074-9C04-4C6A-AA81-F378533E3FA6}.Debug|Any CPU.Build.0 = Debug|Any CPU
		{EEAB4074-9C04-4C6A-AA81-F378533E3FA6}.Release|Any CPU.ActiveCfg = Release|Any CPU
		{EEAB4074-9C04-4C6A-AA81-F378533E3FA6}.Release|Any CPU.Build.0 = Release|Any CPU
	EndGlobalSection
	GlobalSection(SolutionProperties) = preSolution
		HideSolutionNode = FALSE
	EndGlobalSection
	GlobalSection(ExtensibilityGlobals) = postSolution
		SolutionGuid = {397F5C6F-6C19-4EDC-8D8E-EC0828AD6B7D}
	EndGlobalSection
EndGlobal
